{
  "name": "effect-ts-mongodb",
  "version": "1.0.0",
  "lockfileVersion": 3,
  "requires": true,
  "packages": {
    "": {
      "name": "effect-ts-mongodb",
      "version": "1.0.0",
      "license": "ISC",
      "dependencies": {
        "@effect/schema": "^0.33.2",
        "bson": "^5.4.0",
        "dotenv": "^16.3.1",
        "effect": "^2.0.0-next.29",
        "mongodb": "^5.8.1"
      },
      "devDependencies": {
        "@types/node": "^20.5.3",
        "typescript": "^5.1.6"
      }
    },
    "node_modules/@effect/data": {
      "version": "0.17.6",
      "resolved": "https://registry.npmjs.org/@effect/data/-/data-0.17.6.tgz",
      "integrity": "sha512-/vwz7Jh05eS0qY8kczR/YyJd18d0C+PMtUkAealh4f6gwvhABLGCnktNJTcq/+UHxY0Cbv18r5uaJ4+7PPC+WQ=="
    },
    "node_modules/@effect/io": {
      "version": "0.38.2",
      "resolved": "https://registry.npmjs.org/@effect/io/-/io-0.38.2.tgz",
      "integrity": "sha512-rnAXFo9BDLbY7DgQE1e8uP/sEniyVCsB7gNs+yXPu0XK9s4kaGinH6XgwYRDBuu7Fu1tQ1yd7JoAdEb7yutNRg==",
      "peerDependencies": {
        "@effect/data": "^0.17.1"
      }
    },
    "node_modules/@effect/match": {
      "version": "0.34.0",
      "resolved": "https://registry.npmjs.org/@effect/match/-/match-0.34.0.tgz",
      "integrity": "sha512-3fPqDT81rOU+83s84dx7Dh8pMtBq6BE+FGxq5U6FB48IeUdr35jayeuIXe6ZGQC6YorM3GJny6XYO5gOy0AAow==",
      "peerDependencies": {
        "@effect/data": "^0.17.1"
      }
    },
    "node_modules/@effect/schema": {
      "version": "0.33.2",
      "resolved": "https://registry.npmjs.org/@effect/schema/-/schema-0.33.2.tgz",
      "integrity": "sha512-GfV4kXAs4tkx09bGD6J4RDqVN+xea4UP0I05r1wloox6j0eYgXYaSKAXAZ7qBKVywkba3cDUDZhc9nplAD8TAA==",
      "dependencies": {
        "fast-check": "^3.12.0"
      },
      "peerDependencies": {
        "@effect/data": "^0.17.1",
        "@effect/io": "^0.38.0"
      }
    },
    "node_modules/@effect/stm": {
      "version": "0.22.0",
      "resolved": "https://registry.npmjs.org/@effect/stm/-/stm-0.22.0.tgz",
      "integrity": "sha512-K+v05Iveg9h//xZbo/JekZE4mHln8QA7dpfl84L3VKQlUfiAZOiN4ABTyb41Ly+n+YywSSbeTdbOya0ccxx/rQ==",
      "peerDependencies": {
        "@effect/data": "^0.17.1",
        "@effect/io": "^0.38.0"
      }
    },
    "node_modules/@effect/stream": {
      "version": "0.34.0",
      "resolved": "https://registry.npmjs.org/@effect/stream/-/stream-0.34.0.tgz",
      "integrity": "sha512-8eDDQ0JG+ctsstLH/Qo4ojBkcEIFtqpEsWZS6leAwY9gXVmEG54PMWXZiX6dTchgQXKmSnLkEh36leAq4piawQ==",
      "peerDependencies": {
        "@effect/data": "^0.17.1",
        "@effect/io": "^0.38.0"
      }
    },
    "node_modules/@mongodb-js/saslprep": {
      "version": "1.1.0",
      "resolved": "https://registry.npmjs.org/@mongodb-js/saslprep/-/saslprep-1.1.0.tgz",
      "integrity": "sha512-Xfijy7HvfzzqiOAhAepF4SGN5e9leLkMvg/OPOF97XemjfVCYN/oWa75wnkc6mltMSTwY+XlbhWgUOJmkFspSw==",
      "optional": true,
      "dependencies": {
        "sparse-bitfield": "^3.0.3"
      }
    },
    "node_modules/@types/node": {
      "version": "20.5.3",
      "resolved": "https://registry.npmjs.org/@types/node/-/node-20.5.3.tgz",
      "integrity": "sha512-ITI7rbWczR8a/S6qjAW7DMqxqFMjjTo61qZVWJ1ubPvbIQsL5D/TvwjYEalM8Kthpe3hTzOGrF2TGbAu2uyqeA=="
    },
    "node_modules/@types/webidl-conversions": {
      "version": "7.0.0",
      "resolved": "https://registry.npmjs.org/@types/webidl-conversions/-/webidl-conversions-7.0.0.tgz",
      "integrity": "sha512-xTE1E+YF4aWPJJeUzaZI5DRntlkY3+BCVJi0axFptnjGmAoWxkyREIh/XMrfxVLejwQxMCfDXdICo0VLxThrog=="
    },
    "node_modules/@types/whatwg-url": {
      "version": "8.2.2",
      "resolved": "https://registry.npmjs.org/@types/whatwg-url/-/whatwg-url-8.2.2.tgz",
      "integrity": "sha512-FtQu10RWgn3D9U4aazdwIE2yzphmTJREDqNdODHrbrZmmMqI0vMheC/6NE/J1Yveaj8H+ela+YwWTjq5PGmuhA==",
      "dependencies": {
        "@types/node": "*",
        "@types/webidl-conversions": "*"
      }
    },
    "node_modules/bson": {
      "version": "5.4.0",
      "resolved": "https://registry.npmjs.org/bson/-/bson-5.4.0.tgz",
      "integrity": "sha512-WRZ5SQI5GfUuKnPTNmAYPiKIof3ORXAF4IRU5UcgmivNIon01rWQlw5RUH954dpu8yGL8T59YShVddIPaU/gFA==",
      "engines": {
        "node": ">=14.20.1"
      }
    },
    "node_modules/dotenv": {
      "version": "16.3.1",
      "resolved": "https://registry.npmjs.org/dotenv/-/dotenv-16.3.1.tgz",
      "integrity": "sha512-IPzF4w4/Rd94bA9imS68tZBaYyBWSCE47V1RGuMrB94iyTOIEwRmVL2x/4An+6mETpLrKJ5hQkB8W4kFAadeIQ==",
      "engines": {
        "node": ">=12"
      },
      "funding": {
        "url": "https://github.com/motdotla/dotenv?sponsor=1"
      }
    },
    "node_modules/effect": {
      "version": "2.0.0-next.29",
      "resolved": "https://registry.npmjs.org/effect/-/effect-2.0.0-next.29.tgz",
      "integrity": "sha512-CgQRDXcaGVBJUS7816vOwIP9CPRKXYBZMOP4ifJ4UdDLs1t/+EE4FSjiaHHjOCqIU7pRyCi2QZYuDjAT3OgFaw==",
      "dependencies": {
        "@effect/data": "^0.17.6",
        "@effect/io": "^0.38.2",
        "@effect/match": "^0.34.0",
        "@effect/stm": "^0.22.0",
        "@effect/stream": "^0.34.0"
      },
      "peerDependencies": {
        "@effect/data": "^0.17.6",
        "@effect/io": "^0.38.2",
        "@effect/match": "^0.34.0",
        "@effect/stm": "^0.22.0",
        "@effect/stream": "^0.34.0"
      }
    },
    "node_modules/fast-check": {
      "version": "3.12.0",
      "resolved": "https://registry.npmjs.org/fast-check/-/fast-check-3.12.0.tgz",
      "integrity": "sha512-SqahE9mlL3+lhjJ39joMLwcj6F+24hfZdf/tchlNO8sHcTdrUUdA5P/ZbSFZM9Xpzs36XaneGwE0FWepm/zyOA==",
      "funding": [
        {
          "type": "individual",
          "url": "https://github.com/sponsors/dubzzz"
        },
        {
          "type": "opencollective",
          "url": "https://opencollective.com/fast-check"
        }
      ],
      "dependencies": {
        "pure-rand": "^6.0.0"
      },
      "engines": {
        "node": ">=8.0.0"
      }
    },
    "node_modules/ip": {
      "version": "2.0.0",
      "resolved": "https://registry.npmjs.org/ip/-/ip-2.0.0.tgz",
      "integrity": "sha512-WKa+XuLG1A1R0UWhl2+1XQSi+fZWMsYKffMZTTYsiZaUD8k2yDAj5atimTUD2TZkyCkNEeYE5NhFZmupOGtjYQ=="
    },
    "node_modules/memory-pager": {
      "version": "1.5.0",
      "resolved": "https://registry.npmjs.org/memory-pager/-/memory-pager-1.5.0.tgz",
      "integrity": "sha512-ZS4Bp4r/Zoeq6+NLJpP+0Zzm0pR8whtGPf1XExKLJBAczGMnSi3It14OiNCStjQjM6NU1okjQGSxgEZN8eBYKg==",
      "optional": true
    },
    "node_modules/mongodb": {
      "version": "5.8.1",
      "resolved": "https://registry.npmjs.org/mongodb/-/mongodb-5.8.1.tgz",
      "integrity": "sha512-wKyh4kZvm6NrCPH8AxyzXm3JBoEf4Xulo0aUWh3hCgwgYJxyQ1KLST86ZZaSWdj6/kxYUA3+YZuyADCE61CMSg==",
      "dependencies": {
        "bson": "^5.4.0",
        "mongodb-connection-string-url": "^2.6.0",
        "socks": "^2.7.1"
      },
      "engines": {
        "node": ">=14.20.1"
      },
      "optionalDependencies": {
        "@mongodb-js/saslprep": "^1.1.0"
      },
      "peerDependencies": {
        "@aws-sdk/credential-providers": "^3.188.0",
        "@mongodb-js/zstd": "^1.0.0",
        "kerberos": "^1.0.0 || ^2.0.0",
        "mongodb-client-encryption": ">=2.3.0 <3",
        "snappy": "^7.2.2"
      },
      "peerDependenciesMeta": {
        "@aws-sdk/credential-providers": {
          "optional": true
        },
        "@mongodb-js/zstd": {
          "optional": true
        },
        "kerberos": {
          "optional": true
        },
        "mongodb-client-encryption": {
          "optional": true
        },
        "snappy": {
          "optional": true
        }
      }
    },
    "node_modules/mongodb-connection-string-url": {
      "version": "2.6.0",
      "resolved": "https://registry.npmjs.org/mongodb-connection-string-url/-/mongodb-connection-string-url-2.6.0.tgz",
      "integrity": "sha512-WvTZlI9ab0QYtTYnuMLgobULWhokRjtC7db9LtcVfJ+Hsnyr5eo6ZtNAt3Ly24XZScGMelOcGtm7lSn0332tPQ==",
      "dependencies": {
        "@types/whatwg-url": "^8.2.1",
        "whatwg-url": "^11.0.0"
      }
    },
    "node_modules/punycode": {
      "version": "2.3.0",
      "resolved": "https://registry.npmjs.org/punycode/-/punycode-2.3.0.tgz",
      "integrity": "sha512-rRV+zQD8tVFys26lAGR9WUuS4iUAngJScM+ZRSKtvl5tKeZ2t5bvdNFdNHBW9FWR4guGHlgmsZ1G7BSm2wTbuA==",
      "engines": {
        "node": ">=6"
      }
    },
    "node_modules/pure-rand": {
      "version": "6.0.2",
      "resolved": "https://registry.npmjs.org/pure-rand/-/pure-rand-6.0.2.tgz",
      "integrity": "sha512-6Yg0ekpKICSjPswYOuC5sku/TSWaRYlA0qsXqJgM/d/4pLPHPuTxK7Nbf7jFKzAeedUhR8C7K9Uv63FBsSo8xQ==",
      "funding": [
        {
          "type": "individual",
          "url": "https://github.com/sponsors/dubzzz"
        },
        {
          "type": "opencollective",
          "url": "https://opencollective.com/fast-check"
        }
      ]
    },
    "node_modules/smart-buffer": {
      "version": "4.2.0",
      "resolved": "https://registry.npmjs.org/smart-buffer/-/smart-buffer-4.2.0.tgz",
      "integrity": "sha512-94hK0Hh8rPqQl2xXc3HsaBoOXKV20MToPkcXvwbISWLEs+64sBq5kFgn2kJDHb1Pry9yrP0dxrCI9RRci7RXKg==",
      "engines": {
        "node": ">= 6.0.0",
        "npm": ">= 3.0.0"
      }
    },
    "node_modules/socks": {
      "version": "2.7.1",
      "resolved": "https://registry.npmjs.org/socks/-/socks-2.7.1.tgz",
      "integrity": "sha512-7maUZy1N7uo6+WVEX6psASxtNlKaNVMlGQKkG/63nEDdLOWNbiUMoLK7X4uYoLhQstau72mLgfEWcXcwsaHbYQ==",
      "dependencies": {
        "ip": "^2.0.0",
        "smart-buffer": "^4.2.0"
      },
      "engines": {
        "node": ">= 10.13.0",
        "npm": ">= 3.0.0"
      }
    },
    "node_modules/sparse-bitfield": {
      "version": "3.0.3",
      "resolved": "https://registry.npmjs.org/sparse-bitfield/-/sparse-bitfield-3.0.3.tgz",
      "integrity": "sha512-kvzhi7vqKTfkh0PZU+2D2PIllw2ymqJKujUcyPMd9Y75Nv4nPbGJZXNhxsgdQab2BmlDct1YnfQCguEvHr7VsQ==",
      "optional": true,
      "dependencies": {
        "memory-pager": "^1.0.2"
      }
    },
    "node_modules/tr46": {
      "version": "3.0.0",
      "resolved": "https://registry.npmjs.org/tr46/-/tr46-3.0.0.tgz",
      "integrity": "sha512-l7FvfAHlcmulp8kr+flpQZmVwtu7nfRV7NZujtN0OqES8EL4O4e0qqzL0DC5gAvx/ZC/9lk6rhcUwYvkBnBnYA==",
      "dependencies": {
        "punycode": "^2.1.1"
      },
      "engines": {
        "node": ">=12"
      }
    },
    "node_modules/typescript": {
      "version": "5.1.6",
      "resolved": "https://registry.npmjs.org/typescript/-/typescript-5.1.6.tgz",
      "integrity": "sha512-zaWCozRZ6DLEWAWFrVDz1H6FVXzUSfTy5FUMWsQlU8Ym5JP9eO4xkTIROFCQvhQf61z6O/G6ugw3SgAnvvm+HA==",
      "dev": true,
      "bin": {
        "tsc": "bin/tsc",
        "tsserver": "bin/tsserver"
      },
      "engines": {
        "node": ">=14.17"
      }
    },
    "node_modules/webidl-conversions": {
      "version": "7.0.0",
      "resolved": "https://registry.npmjs.org/webidl-conversions/-/webidl-conversions-7.0.0.tgz",
      "integrity": "sha512-VwddBukDzu71offAQR975unBIGqfKZpM+8ZX6ySk8nYhVoo5CYaZyzt3YBvYtRtO+aoGlqxPg/B87NGVZ/fu6g==",
      "engines": {
        "node": ">=12"
      }
    },
    "node_modules/whatwg-url": {
      "version": "11.0.0",
      "resolved": "https://registry.npmjs.org/whatwg-url/-/whatwg-url-11.0.0.tgz",
      "integrity": "sha512-RKT8HExMpoYx4igMiVMY83lN6UeITKJlBQ+vR/8ZJ8OCdSiN3RwCq+9gH0+Xzj0+5IrM6i4j/6LuvzbZIQgEcQ==",
      "dependencies": {
        "tr46": "^3.0.0",
        "webidl-conversions": "^7.0.0"
      },
      "engines": {
        "node": ">=12"
      }
    }
  }
}
